
Microsoft Visual Studio Solution File, Format Version 11.00
# Visual Studio 2010
Project("{FAE04EC0-301F-11D3-BF4B-00C04F79EFBC}") = "BikeStore", "BikeStore\BikeStore.csproj", "{C3C29D04-7CFA-4BEC-BB04-648A75C07831}"
EndProject
Project("{FAE04EC0-301F-11D3-BF4B-00C04F79EFBC}") = "BikeStore.Tests", "BikeStore.Tests\BikeStore.Tests.csproj", "{54361841-1BE1-42D1-A7B2-0F9C1FEFC7D9}"
EndProject
Project("{FAE04EC0-301F-11D3-BF4B-00C04F79EFBC}") = "DAL", "DAL\DAL.csproj", "{DD3E71C6-8B85-436B-A294-B8F957191500}"
EndProject
Global
	GlobalSection(SolutionConfigurationPlatforms) = preSolution
		Debug|Any CPU = Debug|Any CPU
		Release|Any CPU = Release|Any CPU
	EndGlobalSection
	GlobalSection(ProjectConfigurationPlatforms) = postSolution
		{C3C29D04-7CFA-4BEC-BB04-648A75C07831}.Debug|Any CPU.ActiveCfg = Debug|Any CPU
		{C3C29D04-7CFA-4BEC-BB04-648A75C07831}.Debug|Any CPU.Build.0 = Debug|Any CPU
		{C3C29D04-7CFA-4BEC-BB04-648A75C07831}.Release|Any CPU.ActiveCfg = Release|Any CPU
		{C3C29D04-7CFA-4BEC-BB04-648A75C07831}.Release|Any CPU.Build.0 = Release|Any CPU
		{54361841-1BE1-42D1-A7B2-0F9C1FEFC7D9}.Debug|Any CPU.ActiveCfg = Debug|Any CPU
		{54361841-1BE1-42D1-A7B2-0F9C1FEFC7D9}.Debug|Any CPU.Build.0 = Debug|Any CPU
		{54361841-1BE1-42D1-A7B2-0F9C1FEFC7D9}.Release|Any CPU.ActiveCfg = Release|Any CPU
		{54361841-1BE1-42D1-A7B2-0F9C1FEFC7D9}.Release|Any CPU.Build.0 = Release|Any CPU
		{DD3E71C6-8B85-436B-A294-B8F957191500}.Debug|Any CPU.ActiveCfg = Debug|Any CPU
		{DD3E71C6-8B85-436B-A294-B8F957191500}.Debug|Any CPU.Build.0 = Debug|Any CPU
		{DD3E71C6-8B85-436B-A294-B8F957191500}.Release|Any CPU.ActiveCfg = Release|Any CPU
		{DD3E71C6-8B85-436B-A294-B8F957191500}.Release|Any CPU.Build.0 = Release|Any CPU
	EndGlobalSection
	GlobalSection(SolutionProperties) = preSolution
		HideSolutionNode = FALSE
	EndGlobalSection
EndGlobal
